{
  "lockfileVersion": 1,
  "configVersion": 1,
  "workspaces": {
    "": {
      "name": "example",
      "devDependencies": {
        "@swc/core": "^1.15.43",
        "@types/bun": "^1.3.14",
        "@types/deno": "^2.7.0",
        "@types/node": "^26.0.1",
        "chokidar": "^5.0.0",
        "fast-decode-uri-component": "^1.0.1",
        "measure-loop": "^0.4.0",
        "oxc-transform": "^0.137.0",
        "oxfmt": "^0.56.0",
        "picocolors": "^1.1.1",
        "typescript": "^6.0.3",
      },
    },
  },
  "trustedDependencies": [
    "@swc/core",
  ],
  "packages": {
    "@emnapi/core": ["@emnapi/core@1.11.1", "", { "dependencies": { "@emnapi/wasi-threads": "1.2.2", "tslib": "^2.4.0" } }, "sha512-RSvbQmHzdKzNsLYa/wHrbc3KN4sYLKAdPZxqiM2HATqv/SBk2/ENSHpvXGaLOMcsAyz0poEGqkmmKYG3OWiJEQ=="],

    "@emnapi/runtime": ["@emnapi/runtime@1.11.1", "", { "dependencies": { "tslib": "^2.4.0" } }, "sha512-vgj7R3y3Wgx24IQaGPA/R6YFXLHVMOZ0uVEyIQPaWs+rd1AzfEMXlAC22FYwO1XkKR6NPsq7mUandH8oIRdZFw=="],

    "@emnapi/wasi-threads": ["@emnapi/wasi-threads@1.2.2", "", { "dependencies": { "tslib": "^2.4.0" } }, "sha512-c95qOXkHdydNKhscBTebqEC1CVAZpyqOfVfBzQ1qgzyl3gfeldUjIggDbIZgDKsHLgnsM+igH7TJ/eAasaVuMA=="],

    "@napi-rs/wasm-runtime": ["@napi-rs/wasm-runtime@1.1.5", "", { "dependencies": { "@tybys/wasm-util": "^0.10.2" }, "peerDependencies": { "@emnapi/core": "^1.7.1", "@emnapi/runtime": "^1.7.1" } }, "sha512-AWPoBRJ9tsnVhor4sjO7rkni+7p+2IAEFj6cx06UgP10jkQHqay/36uRV/bFkgrh18D9vb4cr8Q0Pthskgzy+Q=="],

    "@oxc-transform/binding-android-arm-eabi": ["@oxc-transform/binding-android-arm-eabi@0.137.0", "", { "os": "android", "cpu": "arm" }, "sha512-D9Xk5kR97ujC/Hlwe5OEk0CrvbnRcp6VpjjD/EXLc9bjDcueWhNxh3Kg70uTut6PYqySHIfZQvFXqE7udmqecg=="],

    "@oxc-transform/binding-android-arm64": ["@oxc-transform/binding-android-arm64@0.137.0", "", { "os": "android", "cpu": "arm64" }, "sha512-LyqCR2ExTg4UsWPXXbenwmPlA52GUKaCp0uIEEa9ZGixAJZtPw5rtc3PqaCZPq4I7L6zN9HavsnyG09aiIrrKA=="],

    "@oxc-transform/binding-darwin-arm64": ["@oxc-transform/binding-darwin-arm64@0.137.0", "", { "os": "darwin", "cpu": "arm64" }, "sha512-AtGXaWe2TIVFBvtUm37N549f4hCQNnbxUTOCCv1FugoJHsb80Cq0fOfh8ntZxzCEd/4KsmxqFeeYUutE5+Fr0w=="],

    "@oxc-transform/binding-darwin-x64": ["@oxc-transform/binding-darwin-x64@0.137.0", "", { "os": "darwin", "cpu": "x64" }, "sha512-80LqHzx7TCJ8Bp0zMh/39MRod9KBAZ2Bno7oMebNWp9U0j24dP2hm4DukFrW1g6g5+HjVSTCYQ9bHzLoeCKLDQ=="],

    "@oxc-transform/binding-freebsd-x64": ["@oxc-transform/binding-freebsd-x64@0.137.0", "", { "os": "freebsd", "cpu": "x64" }, "sha512-V8VjKlbFPWvE/v81NVAFaPTu5xK4+nMMSvcCLAGFE4FcUJXB7MEZ0A+UXufwn2A6dZpQwQPCYSFw7m7KAVr5wg=="],

    "@oxc-transform/binding-linux-arm-gnueabihf": ["@oxc-transform/binding-linux-arm-gnueabihf@0.137.0", "", { "os": "linux", "cpu": "arm" }, "sha512-iBR+nI7tZyHued1VTNjOEb6jYLjGaqDsjTG5AMa2XJHZiELsniZHkXlYYgVbSLQH+Hsp0+THmeJDl72EQiVCeA=="],

    "@oxc-transform/binding-linux-arm-musleabihf": ["@oxc-transform/binding-linux-arm-musleabihf@0.137.0", "", { "os": "linux", "cpu": "arm" }, "sha512-V3jIACMxrwEiIPut2YAGTfE54bux0drlsw37Rl0KnWXOV9qgJGK04LNmkKARLtqTyZFoe5ymcpM0H/MqvHeMVA=="],

    "@oxc-transform/binding-linux-arm64-gnu": ["@oxc-transform/binding-linux-arm64-gnu@0.137.0", "", { "os": "linux", "cpu": "arm64" }, "sha512-ZJbV5QwlrDpglZFMS+dwlsFnzWTgQlmboVJrXCZZqaNubTqB+QjlaPliV++rSX3untUDd9MEOa+iwvUtzcutIQ=="],

    "@oxc-transform/binding-linux-arm64-musl": ["@oxc-transform/binding-linux-arm64-musl@0.137.0", "", { "os": "linux", "cpu": "arm64" }, "sha512-3t5oSmqdBLKG6Yol6Ho3Y7NEpGZM3kP9EhdFjsejHg4shloABI3p0XR+CwF3lmzqdqDISdni/Z/2hBlMNEuOBQ=="],

    "@oxc-transform/binding-linux-ppc64-gnu": ["@oxc-transform/binding-linux-ppc64-gnu@0.137.0", "", { "os": "linux", "cpu": "ppc64" }, "sha512-WxR7ws6tw8fjwIUAgvS8VJNG809boXz4XORgtxtuvDJQdO7Uhls+QK73zhMYqAOYFi1dMkbpCSkz8sC0HjbeTQ=="],

    "@oxc-transform/binding-linux-riscv64-gnu": ["@oxc-transform/binding-linux-riscv64-gnu@0.137.0", "", { "os": "linux", "cpu": "none" }, "sha512-0CDDSbasGrKXkti2XP1FdinZnSljCHVf7c1ntKArHvhZH5c8QfElPpZlZhXGbt0EZIbkU1dXvZOhj31BILFQFQ=="],

    "@oxc-transform/binding-linux-riscv64-musl": ["@oxc-transform/binding-linux-riscv64-musl@0.137.0", "", { "os": "linux", "cpu": "none" }, "sha512-n0w7kWnigg9ayFZ6jOQ01MfeF2pS8hrYX2bMNDzQrNLwRT2w/dkMWITOu0b3JRFZEnh8pFY0wDYGDgG4En+xog=="],

    "@oxc-transform/binding-linux-s390x-gnu": ["@oxc-transform/binding-linux-s390x-gnu@0.137.0", "", { "os": "linux", "cpu": "s390x" }, "sha512-t02alZgnJheIMH38XWyDMQqriSmFy0BA2p+iKA5jAl8YYTsak2aStB7i0umJz8vh0dJrezugLvpg44WMzU3CPQ=="],

    "@oxc-transform/binding-linux-x64-gnu": ["@oxc-transform/binding-linux-x64-gnu@0.137.0", "", { "os": "linux", "cpu": "x64" }, "sha512-e1W9L67MFHUyDVKRGSMLoYNSZTxpItJNsizqI7CkTujMQ/lanAxeBgsrVAHaPftDxW6omDnARpq9qEBFKBS9aQ=="],

    "@oxc-transform/binding-linux-x64-musl": ["@oxc-transform/binding-linux-x64-musl@0.137.0", "", { "os": "linux", "cpu": "x64" }, "sha512-1yF7219jYlhzJppVopzChj5OMFdXu1e1G9gWBkGNvNTUtBHvprQy21lzSQ0MHJn/tY/ul0QqiSjX2aQfewR5RA=="],

    "@oxc-transform/binding-openharmony-arm64": ["@oxc-transform/binding-openharmony-arm64@0.137.0", "", { "os": "none", "cpu": "arm64" }, "sha512-JIyYVli943JmtkiG63O/Nxv9jwwn3KOqdbbrtS+udBEI94EIriOp9+znF3Etc6r/XKcfUffyc9kkfAPL1utx+w=="],

    "@oxc-transform/binding-wasm32-wasi": ["@oxc-transform/binding-wasm32-wasi@0.137.0", "", { "dependencies": { "@emnapi/core": "1.11.1", "@emnapi/runtime": "1.11.1", "@napi-rs/wasm-runtime": "^1.1.5" }, "cpu": "none" }, "sha512-GBaJLQkmtYXFnpzL5zZfl48Y3YIqdST/8cAooDm2PHIYOxFwaWfMHK8WbsXoBT6ifQ1kw+4xJ/89LBqjPdbjZQ=="],

    "@oxc-transform/binding-win32-arm64-msvc": ["@oxc-transform/binding-win32-arm64-msvc@0.137.0", "", { "os": "win32", "cpu": "arm64" }, "sha512-uyQMui1xgauzFNTVm4gsMEuKIP5WLrkRWGustWq8jCZ7wlCEH8GZ+ebaKFxhEbr8z+HXYyQ2uxCrC0VumlMezQ=="],

    "@oxc-transform/binding-win32-ia32-msvc": ["@oxc-transform/binding-win32-ia32-msvc@0.137.0", "", { "os": "win32", "cpu": "ia32" }, "sha512-d2BDYpw41XD69hz/0bfPblb3dPnta/dGKJ49ivdqLeORC2d13Vv1Gz85bfz2DZ5b/NdGEViFlCdT8ARHalgK/g=="],

    "@oxc-transform/binding-win32-x64-msvc": ["@oxc-transform/binding-win32-x64-msvc@0.137.0", "", { "os": "win32", "cpu": "x64" }, "sha512-9NmWzbcDZRCvGOWeN6xB3N6WubJH2eF2qvVnPMcIv+LBV1WlsZSCnFBpUIvqk/MFalJrVFQ2SkGDwvdm0FtNIQ=="],

    "@oxfmt/binding-android-arm-eabi": ["@oxfmt/binding-android-arm-eabi@0.56.0", "", { "os": "android", "cpu": "arm" }, "sha512-CSCxi7ovYojgfdPOdUb9T508HKeAdDIKeRGg7x8IZwVJrWz9gVgX7MbUnFqtQAE4QvoNo07mj2JlwnOzJw4qqA=="],

    "@oxfmt/binding-android-arm64": ["@oxfmt/binding-android-arm64@0.56.0", "", { "os": "android", "cpu": "arm64" }, "sha512-HYJFnd+PkDwf6S9ZPGzXXtjNqvRWFnnhdbWaouh4mi/SxU8wmDuzlMn3xo/wDTGnr4Q1VA7ZzOaE/D4biW0W6A=="],

    "@oxfmt/binding-darwin-arm64": ["@oxfmt/binding-darwin-arm64@0.56.0", "", { "os": "darwin", "cpu": "arm64" }, "sha512-sftR/bEOr+t1gs+evwsHi/Xbq2FAPA2uU3VMr8n6ZU9PoK/IMSfnfu7+OEe/uy1+knhrFl4Wvy7Vkm3uo9mJ7g=="],

    "@oxfmt/binding-darwin-x64": ["@oxfmt/binding-darwin-x64@0.56.0", "", { "os": "darwin", "cpu": "x64" }, "sha512-z66SdjLqa3MUPKvTp3Mbb5nSjKSbnYxJGeB+Wx987s8T5hPcIRiBMfnJ6zcPgYtQn3x5xjvdzNVkXrSeYH6ZFg=="],

    "@oxfmt/binding-freebsd-x64": ["@oxfmt/binding-freebsd-x64@0.56.0", "", { "os": "freebsd", "cpu": "x64" }, "sha512-t2tkrV1vtZyaItSQ71dTi2ZVKZEI39b/LqLT12V5KMfIeXK6N32TUC1jhOXKVQmhECq9j2ZXMQV3JeT1kh9Vmg=="],

    "@oxfmt/binding-linux-arm-gnueabihf": ["@oxfmt/binding-linux-arm-gnueabihf@0.56.0", "", { "os": "linux", "cpu": "arm" }, "sha512-+gCy+Tp3RHeXQ9y/QrS76lXIpZkbziTyp6hIgjB2MssCwfMph3vG/GEfkhO34Rai1vhYIaUkvv8UT1BcDorJPw=="],

    "@oxfmt/binding-linux-arm-musleabihf": ["@oxfmt/binding-linux-arm-musleabihf@0.56.0", "", { "os": "linux", "cpu": "arm" }, "sha512-0kKkVvQ2I+FJ2sxQyUu1zJ0yWP5kcWse/yVFnGQSFCXMwSSkfEaUGu0dW774O7nyy3jrcBGap7OSc8dZmU/CdA=="],

    "@oxfmt/binding-linux-arm64-gnu": ["@oxfmt/binding-linux-arm64-gnu@0.56.0", "", { "os": "linux", "cpu": "arm64" }, "sha512-npkA2siMbyWRh+wEhi1aTAx4RirukGcGNt8V4Ch86pG+xU9aurqS1MZOnKYMu03ISwat3rB6zkQx51SsB9obNw=="],

    "@oxfmt/binding-linux-arm64-musl": ["@oxfmt/binding-linux-arm64-musl@0.56.0", "", { "os": "linux", "cpu": "arm64" }, "sha512-UekqOjGkV4/MkqreCV9SPIB2jlR3/HbXrmhV1rVXJZ9wfDXMyCMriLtq3tHqLY4PkbVWNtfcm1kMojJ26KLSJw=="],

    "@oxfmt/binding-linux-ppc64-gnu": ["@oxfmt/binding-linux-ppc64-gnu@0.56.0", "", { "os": "linux", "cpu": "ppc64" }, "sha512-XSzveSpeZMD5XJpew5lRFVtNnT04xd3rJxENXmk7wkZzN9oWzv2aFJyoNDhOtoz69BYaS/fg4SYl+CfEZRpB0Q=="],

    "@oxfmt/binding-linux-riscv64-gnu": ["@oxfmt/binding-linux-riscv64-gnu@0.56.0", "", { "os": "linux", "cpu": "none" }, "sha512-EkQ0nJa7k7HDDIVuPF7WY+k4k+bzdclLYtyIXNt7/OqVghfNiMym6YGppFBgx1XRIHW6QylxBz5OogumPjPJbQ=="],

    "@oxfmt/binding-linux-riscv64-musl": ["@oxfmt/binding-linux-riscv64-musl@0.56.0", "", { "os": "linux", "cpu": "none" }, "sha512-dyjAGW8jKRge0ik6U/dgvQG0nVpA3iBlRskQTz5qJLvQWIrySxX5jpqzPetLBNIIZ231KA82fDdi1nLTk8ENCw=="],

    "@oxfmt/binding-linux-s390x-gnu": ["@oxfmt/binding-linux-s390x-gnu@0.56.0", "", { "os": "linux", "cpu": "s390x" }, "sha512-60ZGH3LtfqlW8X6vcLdSFY4lvCQYINurttYBKaALnHCDVAUCYJ1LsUgS6p1XOzVlzEDx3yNUZvDF1Lvt59zoZw=="],

    "@oxfmt/binding-linux-x64-gnu": ["@oxfmt/binding-linux-x64-gnu@0.56.0", "", { "os": "linux", "cpu": "x64" }, "sha512-u1suj1tgJHK4ZqB7buCtdbNef2n8+d0lXTPJwLHNmtyK6p+DTpsaoDvmqhQrA56fgKYv4LuRxNtL8YooebKOew=="],

    "@oxfmt/binding-linux-x64-musl": ["@oxfmt/binding-linux-x64-musl@0.56.0", "", { "os": "linux", "cpu": "x64" }, "sha512-aYGLvlQHt80y+qKEtfJY/Nm27G0125Lv+qyh9SJ4Cjc6lXnXjD+ndfhqQnbV24POpMi7rNRi0jvx/0d70FRpCQ=="],

    "@oxfmt/binding-openharmony-arm64": ["@oxfmt/binding-openharmony-arm64@0.56.0", "", { "os": "none", "cpu": "arm64" }, "sha512-H/re/gO+7ysVc+kywHNuzY3C33EN9sQcZhg0kp1ZwOZl7y998ZE5mhnBiuGR/nYI0pqLL5xQfrHVUOJ/cIJsCA=="],

    "@oxfmt/binding-win32-arm64-msvc": ["@oxfmt/binding-win32-arm64-msvc@0.56.0", "", { "os": "win32", "cpu": "arm64" }, "sha512-6qLNXfXmtAs8jXDvYMkxk6Wec5SUJoew+ZX1uOZmqaR7ks0EJFbAohuOCELDyJMWyVlxotVG8Xf8m74Bfq0O2w=="],

    "@oxfmt/binding-win32-ia32-msvc": ["@oxfmt/binding-win32-ia32-msvc@0.56.0", "", { "os": "win32", "cpu": "ia32" }, "sha512-UXEXuKphAe15bsob4AswNMArCw38XSmUIs3wk1s6e6MX9OWGW/IRWU95s1hZDiVg09STy1jHgyN2qkqbu1FT0w=="],

    "@oxfmt/binding-win32-x64-msvc": ["@oxfmt/binding-win32-x64-msvc@0.56.0", "", { "os": "win32", "cpu": "x64" }, "sha512-HPyNDjky+NIOuaMvHZflR+kst3YWdUOH2JUQYkf99grqZ5mEBTQM6h9iGy501Z8Xt5xMScrwHOuVCOlqDrktRw=="],

    "@swc/core": ["@swc/core@1.15.43", "", { "dependencies": { "@swc/counter": "^0.1.3", "@swc/types": "^0.1.27" }, "optionalDependencies": { "@swc/core-darwin-arm64": "1.15.43", "@swc/core-darwin-x64": "1.15.43", "@swc/core-linux-arm-gnueabihf": "1.15.43", "@swc/core-linux-arm64-gnu": "1.15.43", "@swc/core-linux-arm64-musl": "1.15.43", "@swc/core-linux-ppc64-gnu": "1.15.43", "@swc/core-linux-s390x-gnu": "1.15.43", "@swc/core-linux-x64-gnu": "1.15.43", "@swc/core-linux-x64-musl": "1.15.43", "@swc/core-win32-arm64-msvc": "1.15.43", "@swc/core-win32-ia32-msvc": "1.15.43", "@swc/core-win32-x64-msvc": "1.15.43" }, "peerDependencies": { "@swc/helpers": ">=0.5.17" }, "optionalPeers": ["@swc/helpers"] }, "sha512-1CuKjFkPxIgGdeHVuNbkxmBxkcbdc08u0aiI43pFq6yY1tTVKmXT9hFEooyyKs/sJ3xf1GPHyEwTtk9Xl8dvQw=="],

    "@swc/core-darwin-arm64": ["@swc/core-darwin-arm64@1.15.43", "", { "os": "darwin", "cpu": "arm64" }, "sha512-v1aVuvXdo/BHxJzco9V2xpHrvwWmhfS8t6gziY5wJxd+Z2h8AeJRnAwPD8itCDaGXVBwJ/CaKfxEzTkG0Va0OA=="],

    "@swc/core-darwin-x64": ["@swc/core-darwin-x64@1.15.43", "", { "os": "darwin", "cpu": "x64" }, "sha512-lp3d4Lamc8dt5huYdGLSR+9hLxmfr1jb0l+4XXG2zPqZwYWRN9R0U2qYoTrggiU2RWW0oV9VbWM3kBnqIc2kdQ=="],

    "@swc/core-linux-arm-gnueabihf": ["@swc/core-linux-arm-gnueabihf@1.15.43", "", { "os": "linux", "cpu": "arm" }, "sha512-JWTQQELtsG5GgphDrr/XqqmM2pDN3cZqbMS0Mrg+iTiXL3F74sn/S2IyYE/5u4h2KLkTf9qQ7dXyxsbx7YzkeA=="],

    "@swc/core-linux-arm64-gnu": ["@swc/core-linux-arm64-gnu@1.15.43", "", { "os": "linux", "cpu": "arm64" }, "sha512-B4otJRdPWIsmiSBf0uG7Z/+vMWmkufjz5MmYxubwKuZazDW14Zd3symga1N62QR4RT+kEFeHEgsXfZGyn/w0hw=="],

    "@swc/core-linux-arm64-musl": ["@swc/core-linux-arm64-musl@1.15.43", "", { "os": "linux", "cpu": "arm64" }, "sha512-6zB6OnpViBxYy4tgY3v2i6AZY9fwkcHZ032UOwtwUuW1d19sdT07qF0kZe6/3UR1tUaK6jjg2rmVcUIBCEYVjQ=="],

    "@swc/core-linux-ppc64-gnu": ["@swc/core-linux-ppc64-gnu@1.15.43", "", { "os": "linux", "cpu": "ppc64" }, "sha512-coxE1ZWdB3uSDVNoEtYNrRi/1epvckZx9cTJ8ICUxTMTxGk+yvQ/Twacp3ruZSaMPGCriUjP86C37VhaT6nyRg=="],

    "@swc/core-linux-s390x-gnu": ["@swc/core-linux-s390x-gnu@1.15.43", "", { "os": "linux", "cpu": "s390x" }, "sha512-lXfLhs+LpBsD5inuYx+YDH5WsPPBQ95KPUiy8P5wq9ob9xKDZFqwNfU2QW6bGO8NqRO/H9JQomTSt5Yyh+FGfA=="],

    "@swc/core-linux-x64-gnu": ["@swc/core-linux-x64-gnu@1.15.43", "", { "os": "linux", "cpu": "x64" }, "sha512-07XnKwTmKy8TGOZG3D9fRnLWGynxPjwQnZLVmBFbo6F+7vHYzBIOuwXEhemrChBWb6yDNZsVCcMWCPX6FDD2xg=="],

    "@swc/core-linux-x64-musl": ["@swc/core-linux-x64-musl@1.15.43", "", { "os": "linux", "cpu": "x64" }, "sha512-TJc+bsSIaBh+hZvZ5GRtW/K1bw66TJ9vsUwvVIsZdiWxU5ObLwZvfcnZ3UpgVfMnFibRes9uriJrQNBHEEogRQ=="],

    "@swc/core-win32-arm64-msvc": ["@swc/core-win32-arm64-msvc@1.15.43", "", { "os": "win32", "cpu": "arm64" }, "sha512-jfd7s2/bUQYkOHLs+LWQNKZdmDa8+sufKLllhpWAhVQ2GDCwsHe3vR/j+OSiItZNtkzFuaawa3+SAKz9y5gYfw=="],

    "@swc/core-win32-ia32-msvc": ["@swc/core-win32-ia32-msvc@1.15.43", "", { "os": "win32", "cpu": "ia32" }, "sha512-rLAE8JvucqEW1ZGohxPQrQWPBQeJG4+ypKbWfdlU/qmKScvCkxf9/Jxnzki1dkUQCQ7P5Enp13RlvqOlvx/32g=="],

    "@swc/core-win32-x64-msvc": ["@swc/core-win32-x64-msvc@1.15.43", "", { "os": "win32", "cpu": "x64" }, "sha512-h8MLDHZcfIukwQWj03rIJZx1I0E81AYj2X7J/nGErG4nz+QAv6G1Z+peotvinL3lqpbo32tLYSMFo32/ySzxKg=="],

    "@swc/counter": ["@swc/counter@0.1.3", "", {}, "sha512-e2BR4lsJkkRlKZ/qCHPw9ZaSxc0MVUd7gtbtaB7aMvHeJVYe8sOB8DBZkP2DtISHGSku9sCK6T6cnY0CtXrOCQ=="],

    "@swc/types": ["@swc/types@0.1.27", "", { "dependencies": { "@swc/counter": "^0.1.3" } }, "sha512-K6h3iUlqeM946U4sXFYeahefR1YBbXJvko+hv8WS8/0BNJ4OHiHRywMnQUJCqkR7Y9+hqQ1TvEpiKqUhz7NEFg=="],

    "@tybys/wasm-util": ["@tybys/wasm-util@0.10.2", "", { "dependencies": { "tslib": "^2.4.0" } }, "sha512-RoBvJ2X0wuKlWFIjrwffGw1IqZHKQqzIchKaadZZfnNpsAYp2mM0h36JtPCjNDAHGgYez/15uMBpfGwchhiMgg=="],

    "@types/bun": ["@types/bun@1.3.14", "", { "dependencies": { "bun-types": "1.3.14" } }, "sha512-h1hFqFVcvAvD9j9K7ZW7vd82aSA+rTdznZa+5bwvCwqSB1jmmfLcbIWhOLx1/+boy/xmjgCs/OMUL8hRJSmnPw=="],

    "@types/deno": ["@types/deno@2.7.0", "", {}, "sha512-Y6fWcV8KpYeO3Lik/RiYnUxtr/LWqoeACciU0CA+dr1U/45tGgaX3HWQQAPCNN53raN4Rr4Fht4y6qsUH57fDA=="],

    "@types/node": ["@types/node@26.0.1", "", { "dependencies": { "undici-types": "~8.3.0" } }, "sha512-fc3KiUoBt6kie0N9bIW3E47vZsuaMf0PM2AaUpLCLT0s/LvX1nxAim6Fc049cNxODPpGm6qRAuUOB86SkRuPQw=="],

    "bun-types": ["bun-types@1.3.14", "", { "dependencies": { "@types/node": "*" } }, "sha512-4N0ig0fEomHt5R0KCFWjovxow98rIoRwKolrYdCcknNwMekCXRnWEUvgu5soYV8QXtVsrUD8B95MBOZGPvr6KQ=="],

    "chokidar": ["chokidar@5.0.0", "", { "dependencies": { "readdirp": "^5.0.0" } }, "sha512-TQMmc3w+5AxjpL8iIiwebF73dRDF4fBIieAqGn9RGCWaEVwQ6Fb2cGe31Yns0RRIzii5goJ1Y7xbMwo1TxMplw=="],

    "fast-decode-uri-component": ["fast-decode-uri-component@1.0.1", "", {}, "sha512-WKgKWg5eUxvRZGwW8FvfbaH7AXSh2cL+3j5fMGzUMCxWBJ3dV3a7Wz8y2f/uQ0e3B6WmodD3oS54jTQ9HVTIIg=="],

    "measure-loop": ["measure-loop@0.4.0", "", { "dependencies": { "runtime-compiler": "4.2.2" } }, "sha512-K06ExJhhpc4WNJiaAobqUSqzW93pXixDlDGMvSAezwAzDNpvrIamMTxmeCcePQ9U/edAfBIE0xbZsbdKLM+Nnw=="],

    "oxc-transform": ["oxc-transform@0.137.0", "", { "optionalDependencies": { "@oxc-transform/binding-android-arm-eabi": "0.137.0", "@oxc-transform/binding-android-arm64": "0.137.0", "@oxc-transform/binding-darwin-arm64": "0.137.0", "@oxc-transform/binding-darwin-x64": "0.137.0", "@oxc-transform/binding-freebsd-x64": "0.137.0", "@oxc-transform/binding-linux-arm-gnueabihf": "0.137.0", "@oxc-transform/binding-linux-arm-musleabihf": "0.137.0", "@oxc-transform/binding-linux-arm64-gnu": "0.137.0", "@oxc-transform/binding-linux-arm64-musl": "0.137.0", "@oxc-transform/binding-linux-ppc64-gnu": "0.137.0", "@oxc-transform/binding-linux-riscv64-gnu": "0.137.0", "@oxc-transform/binding-linux-riscv64-musl": "0.137.0", "@oxc-transform/binding-linux-s390x-gnu": "0.137.0", "@oxc-transform/binding-linux-x64-gnu": "0.137.0", "@oxc-transform/binding-linux-x64-musl": "0.137.0", "@oxc-transform/binding-openharmony-arm64": "0.137.0", "@oxc-transform/binding-wasm32-wasi": "0.137.0", "@oxc-transform/binding-win32-arm64-msvc": "0.137.0", "@oxc-transform/binding-win32-ia32-msvc": "0.137.0", "@oxc-transform/binding-win32-x64-msvc": "0.137.0" } }, "sha512-uQWiGRkA4ZYgZ99t0ZpLsxTVzrUJJUAS3ArGDKukVLiLf9pGXvtdEksTL2M7YoXbuUn/slU9+kyDdScuwFEMDQ=="],

    "oxfmt": ["oxfmt@0.56.0", "", { "dependencies": { "tinypool": "2.1.0" }, "optionalDependencies": { "@oxfmt/binding-android-arm-eabi": "0.56.0", "@oxfmt/binding-android-arm64": "0.56.0", "@oxfmt/binding-darwin-arm64": "0.56.0", "@oxfmt/binding-darwin-x64": "0.56.0", "@oxfmt/binding-freebsd-x64": "0.56.0", "@oxfmt/binding-linux-arm-gnueabihf": "0.56.0", "@oxfmt/binding-linux-arm-musleabihf": "0.56.0", "@oxfmt/binding-linux-arm64-gnu": "0.56.0", "@oxfmt/binding-linux-arm64-musl": "0.56.0", "@oxfmt/binding-linux-ppc64-gnu": "0.56.0", "@oxfmt/binding-linux-riscv64-gnu": "0.56.0", "@oxfmt/binding-linux-riscv64-musl": "0.56.0", "@oxfmt/binding-linux-s390x-gnu": "0.56.0", "@oxfmt/binding-linux-x64-gnu": "0.56.0", "@oxfmt/binding-linux-x64-musl": "0.56.0", "@oxfmt/binding-openharmony-arm64": "0.56.0", "@oxfmt/binding-win32-arm64-msvc": "0.56.0", "@oxfmt/binding-win32-ia32-msvc": "0.56.0", "@oxfmt/binding-win32-x64-msvc": "0.56.0" }, "peerDependencies": { "svelte": "^5.0.0", "vite-plus": "*" }, "optionalPeers": ["svelte", "vite-plus"], "bin": { "oxfmt": "bin/oxfmt" } }, "sha512-9Dv0wV3zKiyvhjD7bRKaInKmHQ1sPx3RGOjQkGFJbbdQ16576yf8qhMSO9Q9cvHcs+1NpBsRTkuDDYFFPTJ6gw=="],

    "picocolors": ["picocolors@1.1.1", "", {}, "sha512-xceH2snhtb5M9liqDsmEw56le376mTZkEX/jEb/RxNFyegNul7eNslCXP9FDj/Lcu0X8KEyMceP2ntpaHrDEVA=="],

    "readdirp": ["readdirp@5.0.0", "", {}, "sha512-9u/XQ1pvrQtYyMpZe7DXKv2p5CNvyVwzUB6uhLAnQwHMSgKMBR62lc7AHljaeteeHXn11XTAaLLUVZYVZyuRBQ=="],

    "runtime-compiler": ["runtime-compiler@4.2.2", "", {}, "sha512-v4ZsDKdAjseNxT6iw97qGLY9AkedE7lSNWkBQ4gKYKd3fNE1SAau78Uf4MJtZuHejDYHRR6UNX+JPJv5fnqAAw=="],

    "tinypool": ["tinypool@2.1.0", "", {}, "sha512-Pugqs6M0m7Lv1I7FtxN4aoyToKg1C4tu+/381vH35y8oENM/Ai7f7C4StcoK4/+BSw9ebcS8jRiVrORFKCALLw=="],

    "tslib": ["tslib@2.8.1", "", {}, "sha512-oJFu94HQb+KVduSUQL7wnpmqnfmLsOA/nAh6b6EH0wCEoK0/mPeXU6c3wKDV83MkOuHPRHtSXKKU99IBazS/2w=="],

    "typescript": ["typescript@6.0.3", "", { "bin": { "tsc": "bin/tsc", "tsserver": "bin/tsserver" } }, "sha512-y2TvuxSZPDyQakkFRPZHKFm+KKVqIisdg9/CZwm9ftvKXLP8NRWj38/ODjNbr43SsoXqNuAisEf1GdCxqWcdBw=="],

    "undici-types": ["undici-types@8.3.0", "", {}, "sha512-j375ScV60dom+YkPFIfTLcOiPxkN/buHz5GobjLhixFuANaNs3C9l4GmrWqejgXWJ7BbJcFYpTEUkS1Ge8bpZQ=="],

    "bun-types/@types/node": ["@types/node@25.9.3", "", { "dependencies": { "undici-types": ">=7.24.0 <7.24.7" } }, "sha512-603BddQMv3pUcr4U2dhujk83N2tTDVr/34wII2B6bJy6g+8WD6yUb11jszNs0gdi4PesVWl7ABt8nYMVpnLUcg=="],

    "bun-types/@types/node/undici-types": ["undici-types@7.24.6", "", {}, "sha512-WRNW+sJgj5OBN4/0JpHFqtqzhpbnV0GuB+OozA9gCL7a993SmU+1JBZCzLNxYsbMfIeDL+lTsphD5jN5N+n0zg=="],
  }
}
